// !$*UTF8*$!
{
	archiveVersion = 1;
	classes = {
	};
	objectVersion = 46;
	objects = {

/* Begin PBXBuildFile section */
		DE763F461E86DBD300AD47E3 /* main.swift in Sources */ = {isa = PBXBuildFile; fileRef = DE763F451E86DBD300AD47E3 /* main.swift */; };
		DE763F4D1E86E63A00AD47E3 /* BluetoothWorker.swift in Sources */ = {isa = PBXBuildFile; fileRef = DE763F4C1E86E63A00AD47E3 /* BluetoothWorker.swift */; };
		DE763F4F1E873A7C00AD47E3 /* DataLogger.swift in Sources */ = {isa = PBXBuildFile; fileRef = DE763F4E1E873A7C00AD47E3 /* DataLogger.swift */; };
/* End PBXBuildFile section */

/* Begin PBXCopyFilesBuildPhase section */
		DE763F401E86DBD300AD47E3 /* CopyFiles */ = {
			isa = PBXCopyFilesBuildPhase;
			buildActionMask = 2147483647;
			dstPath = /usr/share/man/man1/;
			dstSubfolderSpec = 0;
			files = (
			);
			runOnlyForDeploymentPostprocessing = 1;
		};
/* End PBXCopyFilesBuildPhase section */

/* Begin PBXFileReference section */
		DE763F421E86DBD300AD47E3 /* StretchSense */ = {isa = PBXFileReference; explicitFileType = "compiled.mach-o.executable"; includeInIndex = 0; path = StretchSense; sourceTree = BUILT_PRODUCTS_DIR; };
		DE763F451E86DBD300AD47E3 /* main.swift */ = {isa = PBXFileReference; lastKnownFileType = sourcecode.swift; path = main.swift; sourceTree = "<group>"; };
		DE763F4C1E86E63A00AD47E3 /* BluetoothWorker.swift */ = {isa = PBXFileReference; fileEncoding = 4; lastKnownFileType = sourcecode.swift; path = BluetoothWorker.swift; sourceTree = "<group>"; };
		DE763F4E1E873A7C00AD47E3 /* DataLogger.swift */ = {isa = PBXFileReference; fileEncoding = 4; lastKnownFileType = sourcecode.swift; path = DataLogger.swift; sourceTree = "<group>"; };
/* End PBXFileReference section */

/* Begin PBXFrameworksBuildPhase section */
		DE763F3F1E86DBD300AD47E3 /* Frameworks */ = {
			isa = PBXFrameworksBuildPhase;
			buildActionMask = 2147483647;
			files = (
			);
			runOnlyForDeploymentPostprocessing = 0;
		};
/* End PBXFrameworksBuildPhase section */

/* Begin PBXGroup section */
		DE763F391E86DBD300AD47E3 = {
			isa = PBXGroup;
			children = (
				DE763F441E86DBD300AD47E3 /* StretchSense */,
				DE763F431E86DBD300AD47E3 /* Products */,
			);
			sourceTree = "<group>";
		};
		DE763F431E86DBD300AD47E3 /* Products */ = {
			isa = PBXGroup;
			children = (
				DE763F421E86DBD300AD47E3 /* StretchSense */,
			);
			name = Products;
			sourceTree = "<group>";
		};
		DE763F441E86DBD300AD47E3 /* StretchSense */ = {
			isa = PBXGroup;
			children = (
				DE763F451E86DBD300AD47E3 /* main.swift */,
				DE763F4C1E86E63A00AD47E3 /* BluetoothWorker.swift */,
				DE763F4E1E873A7C00AD47E3 /* DataLogger.swift */,
			);
			path = StretchSense;
			sourceTree = "<group>";
		};
/* End PBXGroup section */

/* Begin PBXNativeTarget section */
		DE763F411E86DBD300AD47E3 /* StretchSense */ = {
			isa = PBXNativeTarget;
			buildConfigurationList = DE763F491E86DBD300AD47E3 /* Build configuration list for PBXNativeTarget "StretchSense" */;
			buildPhases = (
				DE763F3E1E86DBD300AD47E3 /* Sources */,
				DE763F3F1E86DBD300AD47E3 /* Frameworks */,
				DE763F401E86DBD300AD47E3 /* CopyFiles */,
			);
			buildRules = (
			);
			dependencies = (
			);
			name = StretchSense;
			productName = StretchSense;
			productReference = DE763F421E86DBD300AD47E3 /* StretchSense */;
			productType = "com.apple.product-type.tool";
		};
/* End PBXNativeTarget section */

/* Begin PBXProject section */
		DE763F3A1E86DBD300AD47E3 /* Project object */ = {
			isa = PBXProject;
			attributes = {
				LastSwiftUpdateCheck = 0820;
				LastUpgradeCheck = 0820;
				ORGANIZATIONNAME = "Slobodan Milanko";
				TargetAttributes = {
					DE763F411E86DBD300AD47E3 = {
						CreatedOnToolsVersion = 8.2.1;
						ProvisioningStyle = Automatic;
					};
				};
			};
			buildConfigurationList = DE763F3D1E86DBD300AD47E3 /* Build configuration list for PBXProject "StretchSense" */;
			compatibilityVersion = "Xcode 3.2";
			developmentRegion = English;
			hasScannedForEncodings = 0;
			knownRegions = (
				en,
			);
			mainGroup = DE763F391E86DBD300AD47E3;
			productRefGroup = DE763F431E86DBD300AD47E3 /* Products */;
			projectDirPath = "";
			projectRoot = "";
			targets = (
				DE763F411E86DBD300AD47E3 /* StretchSense */,
			);
		};
/* End PBXProject section */

/* Begin PBXSourcesBuildPhase section */
		DE763F3E1E86DBD300AD47E3 /* Sources */ = {
			isa = PBXSourcesBuildPhase;
			buildActionMask = 2147483647;
			files = (
				DE763F4D1E86E63A00AD47E3 /* BluetoothWorker.swift in Sources */,
				DE763F4F1E873A7C00AD47E3 /* DataLogger.swift in Sources */,
				DE763F461E86DBD300AD47E3 /* main.swift in Sources */,
			);
			runOnlyForDeploymentPostprocessing = 0;
		};
/* End PBXSourcesBuildPhase section */

/* Begin XCBuildConfiguration section */
		DE763F471E86DBD300AD47E3 /* Debug */ = {
			isa = XCBuildConfiguration;
			buildSettings = {
				ALWAYS_SEARCH_USER_PATHS = NO;
				CLANG_ANALYZER_NONNULL = YES;
				CLANG_CXX_LANGUAGE_STANDARD = "gnu++0x";
				CLANG_CXX_LIBRARY = "libc++";
				CLANG_ENABLE_MODULES = YES;
				CLANG_ENABLE_OBJC_ARC = YES;
				CLANG_WARN_BOOL_CONVERSION = YES;
				CLANG_WARN_CONSTANT_CONVERSION = YES;
				CLANG_WARN_DIRECT_OBJC_ISA_USAGE = YES_ERROR;
				CLANG_WARN_DOCUMENTATION_COMMENTS = YES;
				CLANG_WARN_EMPTY_BODY = YES;
				CLANG_WARN_ENUM_CONVERSION = YES;
				CLANG_WARN_INFINITE_RECURSION = YES;
				CLANG_WARN_INT_CONVERSION = YES;
				CLANG_WARN_OBJC_ROOT_CLASS = YES_ERROR;
				CLANG_WARN_SUSPICIOUS_MOVE = YES;
				CLANG_WARN_UNREACHABLE_CODE = YES;
				CLANG_WARN__DUPLICATE_METHOD_MATCH = YES;
				CODE_SIGN_IDENTITY = "-";
				COPY_PHASE_STRIP = NO;
				DEBUG_INFORMATION_FORMAT = dwarf;
				ENABLE_STRICT_OBJC_MSGSEND = YES;
				ENABLE_TESTABILITY = YES;
				GCC_C_LANGUAGE_STANDARD = gnu99;
				GCC_DYNAMIC_NO_PIC = NO;
				GCC_NO_COMMON_BLOCKS = YES;
				GCC_OPTIMIZATION_LEVEL = 0;
				GCC_PREPROCESSOR_DEFINITIONS = (
					"DEBUG=1",
					"$(inherited)",
				);
				GCC_WARN_64_TO_32_BIT_CONVERSION = YES;
				GCC_WARN_ABOUT_RETURN_TYPE = YES_ERROR;
				GCC_WARN_UNDECLARED_SELECTOR = YES;
				GCC_WARN_UNINITIALIZED_AUTOS = YES_AGGRESSIVE;
				GCC_WARN_UNUSED_FUNCTION = YES;
				GCC_WARN_UNUSED_VARIABLE = YES;
				MACOSX_DEPLOYMENT_TARGET = 10.12;
				MTL_ENABLE_DEBUG_INFO = YES;
				ONLY_ACTIVE_ARCH = YES;
				SDKROOT = macosx;
				SWIFT_OPTIMIZATION_LEVEL = "-Onone";
			};
			name = Debug;
		};
		DE763F481E86DBD300AD47E3 /* Release */ = {
			isa = XCBuildConfiguration;
			buildSettings = {
				ALWAYS_SEARCH_USER_PATHS = NO;
				CLANG_ANALYZER_NONNULL = YES;
				CLANG_CXX_LANGUAGE_STANDARD = "gnu++0x";
				CLANG_CXX_LIBRARY = "libc++";
				CLANG_ENABLE_MODULES = YES;
				CLANG_ENABLE_OBJC_ARC = YES;
				CLANG_WARN_BOOL_CONVERSION = YES;
				CLANG_WARN_CONSTANT_CONVERSION = YES;
				CLANG_WARN_DIRECT_OBJC_ISA_USAGE = YES_ERROR;
				CLANG_WARN_DOCUMENTATION_COMMENTS = YES;
				CLANG_WARN_EMPTY_BODY = YES;
				CLANG_WARN_ENUM_CONVERSION = YES;
				CLANG_WARN_INFINITE_RECURSION = YES;
				CLANG_WARN_INT_CONVERSION = YES;
				CLANG_WARN_OBJC_ROOT_CLASS = YES_ERROR;
				CLANG_WARN_SUSPICIOUS_MOVE = YES;
				CLANG_WARN_UNREACHABLE_CODE = YES;
				CLANG_WARN__DUPLICATE_METHOD_MATCH = YES;
				CODE_SIGN_IDENTITY = "-";
				COPY_PHASE_STRIP = NO;
				DEBUG_INFORMATION_FORMAT = "dwarf-with-dsym";
				ENABLE_NS_ASSERTIONS = NO;
				ENABLE_STRICT_OBJC_MSGSEND = YES;
				GCC_C_LANGUAGE_STANDARD = gnu99;
				GCC_NO_COMMON_BLOCKS = YES;
				GCC_WARN_64_TO_32_BIT_CONVERSION = YES;
				GCC_WARN_ABOUT_RETURN_TYPE = YES_ERROR;
				GCC_WARN_UNDECLARED_SELECTOR = YES;
				GCC_WARN_UNINITIALIZED_AUTOS = YES_AGGRESSIVE;
				GCC_WARN_UNUSED_FUNCTION = YES;
				GCC_WARN_UNUSED_VARIABLE = YES;
				MACOSX_DEPLOYMENT_TARGET = 10.12;
				MTL_ENABLE_DEBUG_INFO = NO;
				SDKROOT = macosx;
			};
			name = Release;
		};
		DE763F4A1E86DBD300AD47E3 /* Debug */ = {
			isa = XCBuildConfiguration;
			buildSettings = {
				PRODUCT_NAME = "$(TARGET_NAME)";
				SWIFT_VERSION = 3.0;
			};
			name = Debug;
		};
		DE763F4B1E86DBD300AD47E3 /* Release */ = {
			isa = XCBuildConfiguration;
			buildSettings = {
				PRODUCT_NAME = "$(TARGET_NAME)";
				SWIFT_VERSION = 3.0;
			};
			name = Release;
		};
/* End XCBuildConfiguration section */

/* Begin XCConfigurationList section */
		DE763F3D1E86DBD300AD47E3 /* Build configuration list for PBXProject "StretchSense" */ = {
			isa = XCConfigurationList;
			buildConfigurations = (
				DE763F471E86DBD300AD47E3 /* Debug */,
				DE763F481E86DBD300AD47E3 /* Release */,
			);
			defaultConfigurationIsVisible = 0;
			defaultConfigurationName = Release;
		};
		DE763F491E86DBD300AD47E3 /* Build configuration list for PBXNativeTarget "StretchSense" */ = {
			isa = XCConfigurationList;
			buildConfigurations = (
				DE763F4A1E86DBD300AD47E3 /* Debug */,
				DE763F4B1E86DBD300AD47E3 /* Release */,
			);
			defaultConfigurationIsVisible = 0;
			defaultConfigurationName = Release;
		};
/* End XCConfigurationList section */
	};
	rootObject = DE763F3A1E86DBD300AD47E3 /* Project object */;
}
